
Microsoft Visual Studio Solution File, Format Version 12.00
# Visual Studio Version 17
VisualStudioVersion = 17.1.32319.34
MinimumVisualStudioVersion = 10.0.40219.1
Project("{9A19103F-16F7-4668-BE54-9A1E7A4F7556}") = "BackendAPI", "BackendAPI\BackendAPI.csproj", "{ACF1B934-D50C-461D-9C72-4C14BCDB9562}"
EndProject
Project("{9A19103F-16F7-4668-BE54-9A1E7A4F7556}") = "TestBackendAPI", "TestBackendAPI\TestBackendAPI.csproj", "{CBE92A8C-38AB-47BF-9D2D-9503910529B1}"
EndProject
Project("{9A19103F-16F7-4668-BE54-9A1E7A4F7556}") = "ModelLibrary", "..\ModelLibrary\ModelLibrary.csproj", "{9C12A61E-0DF7-48E0-8CEF-C888B68513C7}"
EndProject
Global
	GlobalSection(SolutionConfigurationPlatforms) = preSolution
		Debug|Any CPU = Debug|Any CPU
		Release|Any CPU = Release|Any CPU
	EndGlobalSection
	GlobalSection(ProjectConfigurationPlatforms) = postSolution
		{ACF1B934-D50C-461D-9C72-4C14BCDB9562}.Debug|Any CPU.ActiveCfg = Debug|Any CPU
		{ACF1B934-D50C-461D-9C72-4C14BCDB9562}.Debug|Any CPU.Build.0 = Debug|Any CPU
		{ACF1B934-D50C-461D-9C72-4C14BCDB9562}.Release|Any CPU.ActiveCfg = Release|Any CPU
		{ACF1B934-D50C-461D-9C72-4C14BCDB9562}.Release|Any CPU.Build.0 = Release|Any CPU
		{CBE92A8C-38AB-47BF-9D2D-9503910529B1}.Debug|Any CPU.ActiveCfg = Debug|Any CPU
		{CBE92A8C-38AB-47BF-9D2D-9503910529B1}.Debug|Any CPU.Build.0 = Debug|Any CPU
		{CBE92A8C-38AB-47BF-9D2D-9503910529B1}.Release|Any CPU.ActiveCfg = Release|Any CPU
		{CBE92A8C-38AB-47BF-9D2D-9503910529B1}.Release|Any CPU.Build.0 = Release|Any CPU
		{9C12A61E-0DF7-48E0-8CEF-C888B68513C7}.Debug|Any CPU.ActiveCfg = Debug|Any CPU
		{9C12A61E-0DF7-48E0-8CEF-C888B68513C7}.Debug|Any CPU.Build.0 = Debug|Any CPU
		{9C12A61E-0DF7-48E0-8CEF-C888B68513C7}.Release|Any CPU.ActiveCfg = Release|Any CPU
		{9C12A61E-0DF7-48E0-8CEF-C888B68513C7}.Release|Any CPU.Build.0 = Release|Any CPU
	EndGlobalSection
	GlobalSection(SolutionProperties) = preSolution
		HideSolutionNode = FALSE
	EndGlobalSection
	GlobalSection(ExtensibilityGlobals) = postSolution
		SolutionGuid = {C0470FA8-A7D5-42D3-AFB9-452F13D59307}
	EndGlobalSection
EndGlobal
